---
- name: clock | Install fake-hwclock (no RTC on this board)
  ansible.builtin.apt:
    name: fake-hwclock
    state: present

- name: clock | Restore the saved clock at boot
  ansible.builtin.systemd:
    name: fake-hwclock-load.service
    enabled: true

- name: clock | Keep the saved clock current
  ansible.builtin.systemd:
    name: fake-hwclock-save.timer
    enabled: true
    state: started

- name: clock | Create the timer drop-in directory
  ansible.builtin.file:
    path: /etc/systemd/system/fake-hwclock-save.timer.d
    state: directory
    owner: root
    group: root
    mode: "0755"

- name: clock | Cap how stale the restored clock can be (#292, class C42)
  ansible.builtin.copy:
    dest: /etc/systemd/system/fake-hwclock-save.timer.d/override.conf
    content: |
      [Timer]
      OnCalendar=
      OnCalendar=*:0/5
    owner: root
    group: root
    mode: "0644"
  notify: Reload the fake-hwclock save interval
