---
- name: unlock | Install unlock script
  ansible.builtin.copy:
    dest: /usr/local/bin/homelab-unlock
    mode: "0755"
    content: |
      #!/usr/bin/env bash
      set -euo pipefail

      MAPPER="{{ luks_mapper_name }}"
      DEVICE="{{ data_disk_device }}"
      MOUNT="{{ data_mount_point }}"

      GATE="/run/homelab/unlock-fsck-in-progress"
      clear_gate() { rm -f "$GATE" 2>/dev/null || true; }

      if [ -e "$GATE" ] && ! mountpoint -q "$MOUNT"; then
        echo "Another integrity check holds $MOUNT (gate present, not ours)." >&2
        echo "Wait for it to finish — homelab-fsck clears the gate on exit." >&2
        echo "If you are certain nothing is running: rm -f $GATE" >&2
        exit 1
      fi

      trap clear_gate EXIT

      if ! mountpoint -q "$MOUNT"; then
        mkdir -p /run/homelab
        : > "$GATE"
      fi

      if [ -b "/dev/mapper/$MAPPER" ]; then
        echo "Volume already unlocked."
      else
        echo "Unlocking $DEVICE..."
        cryptsetup open --type luks "$DEVICE" "$MAPPER"
      fi

      if mountpoint -q "$MOUNT"; then
        SKIP="integrity check SKIPPED: $MOUNT was already mounted when the check was due"
        echo "WARNING: $SKIP" >&2
        logger -t homelab-unlock -p daemon.warning "$SKIP"
      else
        echo "Checking data volume integrity..."
        rc=0; e2fsck -p -C 0 "/dev/mapper/$MAPPER" || rc=$?
        case "$rc" in
          0) logger -t homelab-unlock "integrity check passed (e2fsck rc=0, no errors)" ;;
          1) logger -t homelab-unlock -p daemon.warning "integrity check REPAIRED errors (e2fsck rc=1)" ;;
          2) logger -t homelab-unlock -p daemon.warning "integrity check REPAIRED errors, reboot advised (e2fsck rc=2)" ;;
          *) logger -t homelab-unlock -p daemon.err "integrity check could not auto-repair (e2fsck rc=$rc)" ;;
        esac
        if [ "$rc" -ge 4 ]; then
          trap - EXIT
          echo "fsck could not auto-repair (rc=$rc)."
          echo "NOT mounting, and nothing else can mount it either while"
          echo "$GATE exists."
          echo
          echo "  1. rm -f $GATE       # homelab-fsck takes it back immediately"
          echo "  2. homelab-fsck         # read-only first — READ the output"
          echo "  3. homelab-fsck -fy     # only once you know what it will fix"
          echo "  4. homelab-unlock"
          exit 1
        fi
        clear_gate
        echo "Mounting $MOUNT..."
        systemctl start mnt-data.mount
      fi

      clear_gate

      if [ -x /usr/local/bin/homelab-tamper-arm ]; then
        /usr/local/bin/homelab-tamper-arm
      fi

      echo "Starting services (staged, in the background)..."
      systemctl start --no-block homelab-services.target

      echo "Done. DNS returns in ~2-3 min; the heaviest services answer ~20 min after a cold boot."
      echo "Follow progress with: journalctl -t homelab-startup -b -f"

- name: unlock | Install lock script
  ansible.builtin.copy:
    dest: /usr/local/bin/homelab-lock
    mode: "0755"
    content: |
      #!/usr/bin/env bash
      set -euo pipefail

      MAPPER="{{ luks_mapper_name }}"
      MOUNT="{{ data_mount_point }}"

      if [ -x /usr/local/bin/homelab-tamper-disarm ]; then
        /usr/local/bin/homelab-tamper-disarm
      fi

      echo "Stopping services..."
      systemctl stop homelab-services.target

      echo "Unmounting $MOUNT..."
      systemctl stop mnt-data.mount || true

      echo "Locking volume..."
      cryptsetup close "$MAPPER"

      echo "Done. Volume is locked."
